
Microsoft Visual Studio Solution File, Format Version 12.00
# Visual Studio Version 16
VisualStudioVersion = 16.0.29020.237
MinimumVisualStudioVersion = 10.0.40219.1
Project("{FAE04EC0-301F-11D3-BF4B-00C04F79EFBC}") = "XUnitTestProject", "XUnitTestProject.csproj", "{2896AD1B-0145-44DF-958E-5AAA31FC6F1A}"
EndProject
Global
	GlobalSection(SolutionConfigurationPlatforms) = preSolution
		Debug|Any CPU = Debug|Any CPU
		Release|Any CPU = Release|Any CPU
	EndGlobalSection
	GlobalSection(ProjectConfigurationPlatforms) = postSolution
		{2896AD1B-0145-44DF-958E-5AAA31FC6F1A}.Debug|Any CPU.ActiveCfg = Debug|Any CPU
		{2896AD1B-0145-44DF-958E-5AAA31FC6F1A}.Debug|Any CPU.Build.0 = Debug|Any CPU
		{2896AD1B-0145-44DF-958E-5AAA31FC6F1A}.Release|Any CPU.ActiveCfg = Release|Any CPU
		{2896AD1B-0145-44DF-958E-5AAA31FC6F1A}.Release|Any CPU.Build.0 = Release|Any CPU
	EndGlobalSection
	GlobalSection(SolutionProperties) = preSolution
		HideSolutionNode = FALSE
	EndGlobalSection
	GlobalSection(ExtensibilityGlobals) = postSolution
		SolutionGuid = {9A9BC341-D4A6-45E9-8A36-7885BFF2463C}
	EndGlobalSection
EndGlobal
